
Microsoft Visual Studio Solution File, Format Version 12.00
Project("{FAE04EC0-301F-11D3-BF4B-00C04F79EFBC}") = "DictionaryValueEquals", "DictionaryValueEquals\DictionaryValueEquals.csproj", "{84862932-D004-4BA0-B8A1-8C911F8E08BA}"
EndProject
Project("{FAE04EC0-301F-11D3-BF4B-00C04F79EFBC}") = "DictionaryValueEqualityComparer", "DictionaryValueEqualityComparer\DictionaryValueEqualityComparer.csproj", "{A77491CA-7FB3-4F30-9487-098FC7992CD6}"
EndProject
Project("{FAE04EC0-301F-11D3-BF4B-00C04F79EFBC}") = "Tests", "Tests\Tests.csproj", "{AC1C6515-0804-4937-A5CD-9679F5661F45}"
EndProject
Project("{FAE04EC0-301F-11D3-BF4B-00C04F79EFBC}") = "EquatableDictionary", "EquatableDictionary\EquatableDictionary.csproj", "{F3E3ECCD-319E-4A2F-BC58-89528F15B122}"
EndProject
Global
	GlobalSection(SolutionConfigurationPlatforms) = preSolution
		Debug|Any CPU = Debug|Any CPU
		Release|Any CPU = Release|Any CPU
	EndGlobalSection
	GlobalSection(ProjectConfigurationPlatforms) = postSolution
		{84862932-D004-4BA0-B8A1-8C911F8E08BA}.Debug|Any CPU.ActiveCfg = Debug|Any CPU
		{84862932-D004-4BA0-B8A1-8C911F8E08BA}.Debug|Any CPU.Build.0 = Debug|Any CPU
		{84862932-D004-4BA0-B8A1-8C911F8E08BA}.Release|Any CPU.ActiveCfg = Release|Any CPU
		{84862932-D004-4BA0-B8A1-8C911F8E08BA}.Release|Any CPU.Build.0 = Release|Any CPU
		{A77491CA-7FB3-4F30-9487-098FC7992CD6}.Debug|Any CPU.ActiveCfg = Debug|Any CPU
		{A77491CA-7FB3-4F30-9487-098FC7992CD6}.Debug|Any CPU.Build.0 = Debug|Any CPU
		{A77491CA-7FB3-4F30-9487-098FC7992CD6}.Release|Any CPU.ActiveCfg = Release|Any CPU
		{A77491CA-7FB3-4F30-9487-098FC7992CD6}.Release|Any CPU.Build.0 = Release|Any CPU
		{AC1C6515-0804-4937-A5CD-9679F5661F45}.Debug|Any CPU.ActiveCfg = Debug|Any CPU
		{AC1C6515-0804-4937-A5CD-9679F5661F45}.Debug|Any CPU.Build.0 = Debug|Any CPU
		{AC1C6515-0804-4937-A5CD-9679F5661F45}.Release|Any CPU.ActiveCfg = Release|Any CPU
		{AC1C6515-0804-4937-A5CD-9679F5661F45}.Release|Any CPU.Build.0 = Release|Any CPU
		{F3E3ECCD-319E-4A2F-BC58-89528F15B122}.Debug|Any CPU.ActiveCfg = Debug|Any CPU
		{F3E3ECCD-319E-4A2F-BC58-89528F15B122}.Debug|Any CPU.Build.0 = Debug|Any CPU
		{F3E3ECCD-319E-4A2F-BC58-89528F15B122}.Release|Any CPU.ActiveCfg = Release|Any CPU
		{F3E3ECCD-319E-4A2F-BC58-89528F15B122}.Release|Any CPU.Build.0 = Release|Any CPU
	EndGlobalSection
EndGlobal
